
Microsoft Visual Studio Solution File, Format Version 12.00
# Visual Studio Version 16
VisualStudioVersion = 16.0.30804.86
MinimumVisualStudioVersion = 10.0.40219.1
Project("{FAE04EC0-301F-11D3-BF4B-00C04F79EFBC}") = "SnakeOOP", "SnakeOOP\SnakeOOP.csproj", "{983BC1AA-F12D-4980-9059-7DE9CEA24686}"
EndProject
Global
	GlobalSection(SolutionConfigurationPlatforms) = preSolution
		Debug|Any CPU = Debug|Any CPU
		Release|Any CPU = Release|Any CPU
	EndGlobalSection
	GlobalSection(ProjectConfigurationPlatforms) = postSolution
		{983BC1AA-F12D-4980-9059-7DE9CEA24686}.Debug|Any CPU.ActiveCfg = Debug|Any CPU
		{983BC1AA-F12D-4980-9059-7DE9CEA24686}.Debug|Any CPU.Build.0 = Debug|Any CPU
		{983BC1AA-F12D-4980-9059-7DE9CEA24686}.Release|Any CPU.ActiveCfg = Release|Any CPU
		{983BC1AA-F12D-4980-9059-7DE9CEA24686}.Release|Any CPU.Build.0 = Release|Any CPU
	EndGlobalSection
	GlobalSection(SolutionProperties) = preSolution
		HideSolutionNode = FALSE
	EndGlobalSection
	GlobalSection(ExtensibilityGlobals) = postSolution
		SolutionGuid = {2A036298-66EF-46B5-A248-9A2DDB368587}
	EndGlobalSection
EndGlobal
